{
  "lockfileVersion": 1,
  "configVersion": 0,
  "workspaces": {
    "": {
      "name": "secrets-sync-cli",
      "dependencies": {
        "lru-cache": "^11.2.2",
        "yaml": "^2.9.0",
      },
      "devDependencies": {
        "@types/bun": "latest",
        "bun-types": "latest",
        "jscpd": "^5.0.12",
      },
    },
  },
  "overrides": {
    "picomatch": "2.3.2",
  },
  "packages": {
    "@types/bun": ["@types/bun@1.4.0", "", { "dependencies": { "bun-types": "1.4.0" } }, "sha512-K+lZULY23vRgK/CfTjFIV+tyifaNdSMlPh9j+6mQ/cLfpOznLyAuzgV/JQysyECpkBQLVMSyvjlr2fBUSA9wFQ=="],

    "@types/node": ["@types/node@24.10.1", "", { "dependencies": { "undici-types": "~7.16.0" } }, "sha512-GNWcUTRBgIRJD5zj+Tq0fKOJ5XZajIiBroOF0yvj2bSU1WvNdYS/dn9UxwsujGW4JX06dnHyjV2y9rRaybH0iQ=="],

    "bun-types": ["bun-types@1.3.14", "", { "dependencies": { "@types/node": "*" } }, "sha512-4N0ig0fEomHt5R0KCFWjovxow98rIoRwKolrYdCcknNwMekCXRnWEUvgu5soYV8QXtVsrUD8B95MBOZGPvr6KQ=="],

    "jscpd": ["jscpd@5.0.14", "", { "optionalDependencies": { "jscpd-darwin-arm64": "5.0.14", "jscpd-darwin-x64": "5.0.14", "jscpd-linux-arm64-gnu": "5.0.14", "jscpd-linux-x64-gnu": "5.0.14", "jscpd-linux-x64-musl": "5.0.14", "jscpd-windows-x64-msvc": "5.0.14" }, "bin": { "jscpd": "run-jscpd.js" } }, "sha512-zge+FPZZAymt2Do5Z0+QHyIn4/XcUhrO/W7of9HcHZfx2AK8++dYhLA1uWtwXj47ml3Of8PbcUW4wUWvYMCc3w=="],

    "jscpd-darwin-arm64": ["jscpd-darwin-arm64@5.0.14", "", { "os": "darwin", "cpu": "arm64" }, "sha512-Ojjl79SBuj9tEW6WbjZ1a/1ZOR89dneH9yLQYQu8WyWaQownttnx7RYFEHU6aGhS4jIvwUEbr+1wxzFTb37cwg=="],

    "jscpd-darwin-x64": ["jscpd-darwin-x64@5.0.14", "", { "os": "darwin", "cpu": "x64" }, "sha512-DxFg5XvjMZ81iVeqillnM5apqcGCfNTbroNF+mPLr7RkHLGH6mudLgtO+ILL/hfpZXy1bF9oIY5BSudPmN/k9A=="],

    "jscpd-linux-arm64-gnu": ["jscpd-linux-arm64-gnu@5.0.14", "", { "os": "linux", "cpu": "arm64" }, "sha512-1uw+XBHEt9pONXNICSp5HpaVWPjG6mQ6deDXaq9Yb0xCNJkX4/8gmn0vhzekIyZD2DspRYKPUolbDsqm/HEdYg=="],

    "jscpd-linux-x64-gnu": ["jscpd-linux-x64-gnu@5.0.14", "", { "os": "linux", "cpu": "x64" }, "sha512-dFTbyyrm+Z9pcXIVzJQCw8QAgiNqIiO69sm4AfA7/wFdPoizoVzjhaXsYXcSV4bs0aoPiWbNazg0J0HgslT/5A=="],

    "jscpd-linux-x64-musl": ["jscpd-linux-x64-musl@5.0.14", "", { "os": "linux", "cpu": "x64" }, "sha512-SayS7qQJvixyy9eR0+UjepkTsUUwqvlsiuSxfIdHgG2qzqoh/thnkgiu4By8fsiiDpQONsQrRrZDwHRQ3GDrBQ=="],

    "jscpd-windows-x64-msvc": ["jscpd-windows-x64-msvc@5.0.14", "", { "os": "win32", "cpu": "x64" }, "sha512-DqjxlVkUanlahGgY2lY7Zkrau4BUTI+AwWky+bPGK4kSK2AIOaUziY9Q19u8b58idXmJA9FKK98Fuu4ajNXVjQ=="],

    "lru-cache": ["lru-cache@11.5.2", "", {}, "sha512-4pfM1Ff0x50o0tQwb5ucw/RzNyD0/YJME6IVcStalZuMWxdt3sR3huStTtxz4PUmvZfRguvDejasvQ2kifR11g=="],

    "undici-types": ["undici-types@7.16.0", "", {}, "sha512-Zz+aZWSj8LE6zoxD+xrjh4VfkIG8Ya6LvYkZqtUQGJPZjYl53ypCaUwWqo7eI0x66KBGeRo+mlBEkMSeSZ38Nw=="],

    "yaml": ["yaml@2.9.0", "", { "bin": { "yaml": "bin.mjs" } }, "sha512-2AvhNX3mb8zd6Zy7INTtSpl1F15HW6Wnqj0srWlkKLcpYl/gMIMJiyuGq2KeI2YFxUPjdlB+3Lc10seMLtL4cA=="],

    "@types/bun/bun-types": ["bun-types@1.4.0", "", { "dependencies": { "@types/node": "*" } }, "sha512-iIKw23BspnQQYd3prITOBxeUsxBHnwzX6YJfGMuNOZzeNcMmVqzIIVGRm1l69ogaPQmb4wB6BN8mA5bE9YuC5Q=="],
  }
}
