{
  "lockfileVersion": 1,
  "configVersion": 0,
  "workspaces": {
    "": {
      "name": "secrets-sync-cli",
      "dependencies": {
        "lru-cache": "^11.2.2",
        "yaml": "^2.9.0",
      },
      "devDependencies": {
        "@types/bun": "latest",
        "bun-types": "latest",
        "jscpd": "^5.0.12",
      },
    },
  },
  "overrides": {
    "picomatch": "2.3.2",
  },
  "packages": {
    "@types/bun": ["@types/bun@1.3.3", "", { "dependencies": { "bun-types": "1.3.3" } }, "sha512-ogrKbJ2X5N0kWLLFKeytG0eHDleBYtngtlbu9cyBKFtNL3cnpDZkNdQj8flVf6WTZUX5ulI9AY1oa7ljhSrp+g=="],

    "@types/node": ["@types/node@24.10.1", "", { "dependencies": { "undici-types": "~7.16.0" } }, "sha512-GNWcUTRBgIRJD5zj+Tq0fKOJ5XZajIiBroOF0yvj2bSU1WvNdYS/dn9UxwsujGW4JX06dnHyjV2y9rRaybH0iQ=="],

    "bun-types": ["bun-types@1.3.14", "", { "dependencies": { "@types/node": "*" } }, "sha512-4N0ig0fEomHt5R0KCFWjovxow98rIoRwKolrYdCcknNwMekCXRnWEUvgu5soYV8QXtVsrUD8B95MBOZGPvr6KQ=="],

    "jscpd": ["jscpd@5.0.15", "", { "optionalDependencies": { "jscpd-darwin-arm64": "5.0.15", "jscpd-darwin-x64": "5.0.15", "jscpd-linux-arm64-gnu": "5.0.15", "jscpd-linux-x64-gnu": "5.0.15", "jscpd-linux-x64-musl": "5.0.15", "jscpd-windows-x64-msvc": "5.0.15" }, "bin": { "jscpd": "run-jscpd.js" } }, "sha512-PJF3ALlPVJGiMoCtSHg6Ln3/dnRVd27sD/UTUv62MAS5I0jdhvqI0x0p8D1LP8xJ35GLTgHzCMSQvjoa/JNZkg=="],

    "jscpd-darwin-arm64": ["jscpd-darwin-arm64@5.0.15", "", { "os": "darwin", "cpu": "arm64" }, "sha512-7UIRxKkvqN7bVIl2nXYsTOs7a2M6Y1Ll58KehquQbI6gUC3I7AAd/vz2HNWIdo+f5lJB0tiN1E9B/i6CUM4WHQ=="],

    "jscpd-darwin-x64": ["jscpd-darwin-x64@5.0.15", "", { "os": "darwin", "cpu": "x64" }, "sha512-ifknlGR2xW9yZ5BCeUBkBOrOFBAFMQmugpzFnx1y8/BDve0pyBLjxIOVnN/bqeqLDV+sd/zxkx5Gf/xD9UlRKA=="],

    "jscpd-linux-arm64-gnu": ["jscpd-linux-arm64-gnu@5.0.15", "", { "os": "linux", "cpu": "arm64" }, "sha512-JrlE0Nk2NRt9EmGD+5ZjMI0il5t/zxj3uwcintnugJumRmbKy2ncr2MALJLeulUTHLT7uYMEveLK2b79DLtDAQ=="],

    "jscpd-linux-x64-gnu": ["jscpd-linux-x64-gnu@5.0.15", "", { "os": "linux", "cpu": "x64" }, "sha512-Hb37UrME4X3tAyw4EYNTuSOeet0uq2UYwyeWUphdjTY8Z9GB4qzniDyCClvNjzAbz9EZ47LXHYvZSP6hlzhgIw=="],

    "jscpd-linux-x64-musl": ["jscpd-linux-x64-musl@5.0.15", "", { "os": "linux", "cpu": "x64" }, "sha512-dFHCSfL+h3irvmkRCn8MojdA5R1NuUPswVUrr3vrCI+3v5VjBBrERWfq1rpnFdKOgK7T/4Fvkj4L04vnWPTRiQ=="],

    "jscpd-windows-x64-msvc": ["jscpd-windows-x64-msvc@5.0.15", "", { "os": "win32", "cpu": "x64" }, "sha512-OJ5F5qePxS9EVyw5pdCOAAR7SRm02LJyCMAHXB5bSUfo4mOZrEKkhgO+EUHgK4p7Blpovw9acpgf1/R2o1Z4Ig=="],

    "lru-cache": ["lru-cache@11.5.2", "", {}, "sha512-4pfM1Ff0x50o0tQwb5ucw/RzNyD0/YJME6IVcStalZuMWxdt3sR3huStTtxz4PUmvZfRguvDejasvQ2kifR11g=="],

    "undici-types": ["undici-types@7.16.0", "", {}, "sha512-Zz+aZWSj8LE6zoxD+xrjh4VfkIG8Ya6LvYkZqtUQGJPZjYl53ypCaUwWqo7eI0x66KBGeRo+mlBEkMSeSZ38Nw=="],

    "yaml": ["yaml@2.9.0", "", { "bin": { "yaml": "bin.mjs" } }, "sha512-2AvhNX3mb8zd6Zy7INTtSpl1F15HW6Wnqj0srWlkKLcpYl/gMIMJiyuGq2KeI2YFxUPjdlB+3Lc10seMLtL4cA=="],

    "@types/bun/bun-types": ["bun-types@1.3.3", "", { "dependencies": { "@types/node": "*" } }, "sha512-z3Xwlg7j2l9JY27x5Qn3Wlyos8YAp0kKRlrePAOjgjMGS5IG6E7Jnlx736vH9UVI4wUICwwhC9anYL++XeOgTQ=="],
  }
}
